
Microsoft Visual Studio Solution File, Format Version 12.00
# Visual Studio Version 17
VisualStudioVersion = 17.0.31612.314
MinimumVisualStudioVersion = 10.0.40219.1
Project("{2150E333-8FDC-42A3-9474-1A3956D46DE8}") = "src", "src", "{C0F21E6C-DEB2-413D-B1DD-4CDFAF3CF08A}"
EndProject
Project("{2150E333-8FDC-42A3-9474-1A3956D46DE8}") = "Building Blocks", "Building Blocks", "{8193C6DF-DEEB-4588-A133-116E443AFD79}"
EndProject
Project("{2150E333-8FDC-42A3-9474-1A3956D46DE8}") = "Services", "Services", "{A50356A9-5A72-4242-A7EE-EE6F2E9D03F0}"
EndProject
Project("{2150E333-8FDC-42A3-9474-1A3956D46DE8}") = "Web", "Web", "{DB6FD913-5972-4DE3-BE0B-AB8C9F185D7E}"
EndProject
Project("{2150E333-8FDC-42A3-9474-1A3956D46DE8}") = "Identidade", "Identidade", "{0561E12C-080C-4685-A074-4D9514051A7B}"
EndProject
Project("{FAE04EC0-301F-11D3-BF4B-00C04F79EFBC}") = "NSE.Identidade.API", "src\services\NSE.Identidade.API\NSE.Identidade.API.csproj", "{7C735731-26B2-40FB-9348-85EDC8398212}"
EndProject
Project("{2150E333-8FDC-42A3-9474-1A3956D46DE8}") = "MVC", "MVC", "{7CD31C68-A2D2-4BFD-9815-B60AF978DC16}"
EndProject
Project("{FAE04EC0-301F-11D3-BF4B-00C04F79EFBC}") = "NSE.WebApp.MVC", "src\web\NSE.WebApp.MVC\NSE.WebApp.MVC.csproj", "{3432C680-7E2F-42B2-95F9-753D6244760E}"
EndProject
Project("{2150E333-8FDC-42A3-9474-1A3956D46DE8}") = "Core", "Core", "{DC54C1C2-343F-4952-8605-90E0266A09AB}"
EndProject
Project("{FAE04EC0-301F-11D3-BF4B-00C04F79EFBC}") = "NSE.Core", "src\building blocks\NSE.Core\NSE.Core.csproj", "{8429872B-ADD0-4F8E-851D-C22AFC511E84}"
EndProject
Project("{2150E333-8FDC-42A3-9474-1A3956D46DE8}") = "Carrinho", "Carrinho", "{EA54649F-25E0-4663-A066-95578085E05F}"
EndProject
Project("{FAE04EC0-301F-11D3-BF4B-00C04F79EFBC}") = "NSE.Carrinho.API", "src\services\NSE.Carrinho.API\NSE.Carrinho.API.csproj", "{1FCC5B21-2206-4453-82DF-EB9375F8A4A4}"
EndProject
Project("{2150E333-8FDC-42A3-9474-1A3956D46DE8}") = "Catalogo", "Catalogo", "{471ABB69-1375-48A5-B261-7ADA0FBE2638}"
EndProject
Project("{FAE04EC0-301F-11D3-BF4B-00C04F79EFBC}") = "NSE.Catalogo.API", "src\services\NSE.Catalogo.API\NSE.Catalogo.API.csproj", "{90FDFF20-5570-49E0-9FC4-645C2F93AB91}"
EndProject
Project("{2150E333-8FDC-42A3-9474-1A3956D46DE8}") = "Cliente", "Cliente", "{36A07359-7D3E-405B-933A-D0CA18313A94}"
EndProject
Project("{FAE04EC0-301F-11D3-BF4B-00C04F79EFBC}") = "NSE.Cliente.API", "src\services\NSE.Cliente.API\NSE.Cliente.API.csproj", "{624D6714-DE66-4FBB-9784-9B3B4AA6528D}"
EndProject
Project("{2150E333-8FDC-42A3-9474-1A3956D46DE8}") = "Pagamento", "Pagamento", "{B013E27E-61F9-4C45-B5A3-D6AAABE0F8C1}"
EndProject
Project("{FAE04EC0-301F-11D3-BF4B-00C04F79EFBC}") = "NSE.Pagamento.API", "src\services\NSE.Pagamento.API\NSE.Pagamento.API.csproj", "{0460CF39-3D10-4E41-8F7D-6F6D203DEBBD}"
EndProject
Project("{2150E333-8FDC-42A3-9474-1A3956D46DE8}") = "Pedido", "Pedido", "{0CDB41F5-D5FD-4E30-96F8-B5AE4DABD2E6}"
EndProject
Project("{FAE04EC0-301F-11D3-BF4B-00C04F79EFBC}") = "NSE.Pedido.API", "src\services\NSE.Pedido.API\NSE.Pedido.API.csproj", "{C7CE7683-94F4-4F2B-9103-436B2165045D}"
EndProject
Global
	GlobalSection(SolutionConfigurationPlatforms) = preSolution
		Debug|Any CPU = Debug|Any CPU
		Release|Any CPU = Release|Any CPU
	EndGlobalSection
	GlobalSection(ProjectConfigurationPlatforms) = postSolution
		{7C735731-26B2-40FB-9348-85EDC8398212}.Debug|Any CPU.ActiveCfg = Debug|Any CPU
		{7C735731-26B2-40FB-9348-85EDC8398212}.Debug|Any CPU.Build.0 = Debug|Any CPU
		{7C735731-26B2-40FB-9348-85EDC8398212}.Release|Any CPU.ActiveCfg = Release|Any CPU
		{7C735731-26B2-40FB-9348-85EDC8398212}.Release|Any CPU.Build.0 = Release|Any CPU
		{3432C680-7E2F-42B2-95F9-753D6244760E}.Debug|Any CPU.ActiveCfg = Debug|Any CPU
		{3432C680-7E2F-42B2-95F9-753D6244760E}.Debug|Any CPU.Build.0 = Debug|Any CPU
		{3432C680-7E2F-42B2-95F9-753D6244760E}.Release|Any CPU.ActiveCfg = Release|Any CPU
		{3432C680-7E2F-42B2-95F9-753D6244760E}.Release|Any CPU.Build.0 = Release|Any CPU
		{8429872B-ADD0-4F8E-851D-C22AFC511E84}.Debug|Any CPU.ActiveCfg = Debug|Any CPU
		{8429872B-ADD0-4F8E-851D-C22AFC511E84}.Debug|Any CPU.Build.0 = Debug|Any CPU
		{8429872B-ADD0-4F8E-851D-C22AFC511E84}.Release|Any CPU.ActiveCfg = Release|Any CPU
		{8429872B-ADD0-4F8E-851D-C22AFC511E84}.Release|Any CPU.Build.0 = Release|Any CPU
		{1FCC5B21-2206-4453-82DF-EB9375F8A4A4}.Debug|Any CPU.ActiveCfg = Debug|Any CPU
		{1FCC5B21-2206-4453-82DF-EB9375F8A4A4}.Debug|Any CPU.Build.0 = Debug|Any CPU
		{1FCC5B21-2206-4453-82DF-EB9375F8A4A4}.Release|Any CPU.ActiveCfg = Release|Any CPU
		{1FCC5B21-2206-4453-82DF-EB9375F8A4A4}.Release|Any CPU.Build.0 = Release|Any CPU
		{90FDFF20-5570-49E0-9FC4-645C2F93AB91}.Debug|Any CPU.ActiveCfg = Debug|Any CPU
		{90FDFF20-5570-49E0-9FC4-645C2F93AB91}.Debug|Any CPU.Build.0 = Debug|Any CPU
		{90FDFF20-5570-49E0-9FC4-645C2F93AB91}.Release|Any CPU.ActiveCfg = Release|Any CPU
		{90FDFF20-5570-49E0-9FC4-645C2F93AB91}.Release|Any CPU.Build.0 = Release|Any CPU
		{624D6714-DE66-4FBB-9784-9B3B4AA6528D}.Debug|Any CPU.ActiveCfg = Debug|Any CPU
		{624D6714-DE66-4FBB-9784-9B3B4AA6528D}.Debug|Any CPU.Build.0 = Debug|Any CPU
		{624D6714-DE66-4FBB-9784-9B3B4AA6528D}.Release|Any CPU.ActiveCfg = Release|Any CPU
		{624D6714-DE66-4FBB-9784-9B3B4AA6528D}.Release|Any CPU.Build.0 = Release|Any CPU
		{0460CF39-3D10-4E41-8F7D-6F6D203DEBBD}.Debug|Any CPU.ActiveCfg = Debug|Any CPU
		{0460CF39-3D10-4E41-8F7D-6F6D203DEBBD}.Debug|Any CPU.Build.0 = Debug|Any CPU
		{0460CF39-3D10-4E41-8F7D-6F6D203DEBBD}.Release|Any CPU.ActiveCfg = Release|Any CPU
		{0460CF39-3D10-4E41-8F7D-6F6D203DEBBD}.Release|Any CPU.Build.0 = Release|Any CPU
		{C7CE7683-94F4-4F2B-9103-436B2165045D}.Debug|Any CPU.ActiveCfg = Debug|Any CPU
		{C7CE7683-94F4-4F2B-9103-436B2165045D}.Debug|Any CPU.Build.0 = Debug|Any CPU
		{C7CE7683-94F4-4F2B-9103-436B2165045D}.Release|Any CPU.ActiveCfg = Release|Any CPU
		{C7CE7683-94F4-4F2B-9103-436B2165045D}.Release|Any CPU.Build.0 = Release|Any CPU
	EndGlobalSection
	GlobalSection(SolutionProperties) = preSolution
		HideSolutionNode = FALSE
	EndGlobalSection
	GlobalSection(NestedProjects) = preSolution
		{8193C6DF-DEEB-4588-A133-116E443AFD79} = {C0F21E6C-DEB2-413D-B1DD-4CDFAF3CF08A}
		{A50356A9-5A72-4242-A7EE-EE6F2E9D03F0} = {C0F21E6C-DEB2-413D-B1DD-4CDFAF3CF08A}
		{DB6FD913-5972-4DE3-BE0B-AB8C9F185D7E} = {C0F21E6C-DEB2-413D-B1DD-4CDFAF3CF08A}
		{0561E12C-080C-4685-A074-4D9514051A7B} = {A50356A9-5A72-4242-A7EE-EE6F2E9D03F0}
		{7C735731-26B2-40FB-9348-85EDC8398212} = {0561E12C-080C-4685-A074-4D9514051A7B}
		{7CD31C68-A2D2-4BFD-9815-B60AF978DC16} = {DB6FD913-5972-4DE3-BE0B-AB8C9F185D7E}
		{3432C680-7E2F-42B2-95F9-753D6244760E} = {7CD31C68-A2D2-4BFD-9815-B60AF978DC16}
		{DC54C1C2-343F-4952-8605-90E0266A09AB} = {8193C6DF-DEEB-4588-A133-116E443AFD79}
		{8429872B-ADD0-4F8E-851D-C22AFC511E84} = {DC54C1C2-343F-4952-8605-90E0266A09AB}
		{EA54649F-25E0-4663-A066-95578085E05F} = {A50356A9-5A72-4242-A7EE-EE6F2E9D03F0}
		{1FCC5B21-2206-4453-82DF-EB9375F8A4A4} = {EA54649F-25E0-4663-A066-95578085E05F}
		{471ABB69-1375-48A5-B261-7ADA0FBE2638} = {A50356A9-5A72-4242-A7EE-EE6F2E9D03F0}
		{90FDFF20-5570-49E0-9FC4-645C2F93AB91} = {471ABB69-1375-48A5-B261-7ADA0FBE2638}
		{36A07359-7D3E-405B-933A-D0CA18313A94} = {A50356A9-5A72-4242-A7EE-EE6F2E9D03F0}
		{624D6714-DE66-4FBB-9784-9B3B4AA6528D} = {36A07359-7D3E-405B-933A-D0CA18313A94}
		{B013E27E-61F9-4C45-B5A3-D6AAABE0F8C1} = {A50356A9-5A72-4242-A7EE-EE6F2E9D03F0}
		{0460CF39-3D10-4E41-8F7D-6F6D203DEBBD} = {B013E27E-61F9-4C45-B5A3-D6AAABE0F8C1}
		{0CDB41F5-D5FD-4E30-96F8-B5AE4DABD2E6} = {A50356A9-5A72-4242-A7EE-EE6F2E9D03F0}
		{C7CE7683-94F4-4F2B-9103-436B2165045D} = {0CDB41F5-D5FD-4E30-96F8-B5AE4DABD2E6}
	EndGlobalSection
	GlobalSection(ExtensibilityGlobals) = postSolution
		SolutionGuid = {CC5729E0-E830-4E13-AA26-84DD1B605968}
	EndGlobalSection
EndGlobal
